
Microsoft Visual Studio Solution File, Format Version 12.00
# Visual Studio Version 17
VisualStudioVersion = 17.11.35208.52
MinimumVisualStudioVersion = 10.0.40219.1
Project("{8BC9CEB8-8B4A-11D0-8D11-00A0C91BC942}") = "Mozaic", "Mozaic.vcxproj", "{237855FB-3358-45E1-910E-57DB572E3534}"
EndProject
Global
	GlobalSection(SolutionConfigurationPlatforms) = preSolution
		Debug|x64 = Debug|x64
		Debug|x86 = Debug|x86
		Release|x64 = Release|x64
		Release|x86 = Release|x86
	EndGlobalSection
	GlobalSection(ProjectConfigurationPlatforms) = postSolution
		{237855FB-3358-45E1-910E-57DB572E3534}.Debug|x64.ActiveCfg = Debug|x64
		{237855FB-3358-45E1-910E-57DB572E3534}.Debug|x64.Build.0 = Debug|x64
		{237855FB-3358-45E1-910E-57DB572E3534}.Debug|x86.ActiveCfg = Debug|Win32
		{237855FB-3358-45E1-910E-57DB572E3534}.Debug|x86.Build.0 = Debug|Win32
		{237855FB-3358-45E1-910E-57DB572E3534}.Release|x64.ActiveCfg = Release|x64
		{237855FB-3358-45E1-910E-57DB572E3534}.Release|x64.Build.0 = Release|x64
		{237855FB-3358-45E1-910E-57DB572E3534}.Release|x86.ActiveCfg = Release|Win32
		{237855FB-3358-45E1-910E-57DB572E3534}.Release|x86.Build.0 = Release|Win32
	EndGlobalSection
	GlobalSection(SolutionProperties) = preSolution
		HideSolutionNode = FALSE
	EndGlobalSection
	GlobalSection(ExtensibilityGlobals) = postSolution
		SolutionGuid = {8DA5C32B-1CCA-4A01-86EB-E36ABABE3B6F}
	EndGlobalSection
EndGlobal
